<?xml version="1.0" encoding="utf-8"?>
<Project ToolsVersion="4.0" xmlns="http://schemas.microsoft.com/developer/msbuild/2003">
  <ItemGroup>
    <Filter Include="Source Files">
      <UniqueIdentifier>{4FC737F1-C7A5-4376-A066-2A32D752A2FF}</UniqueIdentifier>
      <Extensions>cpp;c;cc;cxx;def;odl;idl;hpj;bat;asm;asmx</Extensions>
    </Filter>
    <Filter Include="Header Files">
      <UniqueIdentifier>{93995380-89BD-4b04-88EB-625FBE52EBFB}</UniqueIdentifier>
      <Extensions>h;hh;hpp;hxx;hm;inl;inc;xsd</Extensions>
    </Filter>
    <Filter Include="Resource Files">
      <UniqueIdentifier>{67DA6AB6-F800-4c08-8B7A-83BB121AAD01}</UniqueIdentifier>
      <Extensions>rc;ico;cur;bmp;dlg;rc2;rct;bin;rgs;gif;jpg;jpeg;jpe;resx;tiff;tif;png;wav;mfcribbon-ms</Extensions>
    </Filter>
    <Filter Include="Source Files\Shared">
      <UniqueIdentifier>{8fcbb366-cad3-4804-92ca-37e11f9258af}</UniqueIdentifier>
    </Filter>
    <Filter Include="Source Files\Shared\Network">
      <UniqueIdentifier>{9af1db83-0ee2-42cc-a956-044abb1d0390}</UniqueIdentifier>
    </Filter>
    <Filter Include="Source Files\Network">
      <UniqueIdentifier>{4a5b78b7-d7e1-4b03-a897-4d923d34afff}</UniqueIdentifier>
    </Filter>
    <Filter Include="Source Files\Shared\Boost">
      <UniqueIdentifier>{a0025382-50b6-4e9f-8ae9-a0502795c49d}</UniqueIdentifier>
    </Filter>
    <Filter Include="Source Files\DirectX Hooks">
      <UniqueIdentifier>{265894bf-7a52-477e-9410-98ba589e544c}</UniqueIdentifier>
    </Filter>
    <Filter Include="Header Files\DirectX">
      <UniqueIdentifier>{73b9fd96-5ae1-4394-a121-79f0759d6694}</UniqueIdentifier>
    </Filter>
    <Filter Include="Header Files\Detours">
      <UniqueIdentifier>{e2f70d04-4415-4630-9537-77d84ea29619}</UniqueIdentifier>
    </Filter>
    <Filter Include="Source Files\IMG Reader">
      <UniqueIdentifier>{19750be9-a420-4fa3-9075-98db08c937ac}</UniqueIdentifier>
    </Filter>
    <Filter Include="Source Files\Shared\MD5 Info">
      <UniqueIdentifier>{f79f29ea-7cad-4d8c-91eb-871af6b5a879}</UniqueIdentifier>
    </Filter>
    <Filter Include="Source Files\s0beit">
      <UniqueIdentifier>{46b323ee-f600-4dc5-b493-d63879e64390}</UniqueIdentifier>
    </Filter>
    <Filter Include="Header Files\Enigma">
      <UniqueIdentifier>{2c29f211-032a-41c2-9445-7f1e4aaed63f}</UniqueIdentifier>
    </Filter>
  </ItemGroup>
  <ItemGroup>
    <ClCompile Include="dllmain.cpp">
      <Filter>Source Files</Filter>
    </ClCompile>
    <ClCompile Include="..\Shared\Network\CRPC.cpp">
      <Filter>Source Files\Shared\Network</Filter>
    </ClCompile>
    <ClCompile Include="CParseCommandLine.cpp">
      <Filter>Source Files</Filter>
    </ClCompile>
    <ClCompile Include="CLog.cpp">
      <Filter>Source Files</Filter>
    </ClCompile>
    <ClCompile Include="Network\CRPCCallback.cpp">
      <Filter>Source Files\Network</Filter>
    </ClCompile>
    <ClCompile Include="CLoader.cpp">
      <Filter>Source Files</Filter>
    </ClCompile>
    <ClCompile Include="DirectX Hooks\CD3D9DeviceProxy.cpp">
      <Filter>Source Files\DirectX Hooks</Filter>
    </ClCompile>
    <ClCompile Include="DirectX Hooks\CD3D9Proxy.cpp">
      <Filter>Source Files\DirectX Hooks</Filter>
    </ClCompile>
    <ClCompile Include="DirectX Hooks\CMessageProxy.cpp">
      <Filter>Source Files\DirectX Hooks</Filter>
    </ClCompile>
    <ClCompile Include="CDirectX.cpp">
      <Filter>Source Files</Filter>
    </ClCompile>
    <ClCompile Include="CCheats.cpp">
      <Filter>Source Files</Filter>
    </ClCompile>
    <ClCompile Include="CProcessList.cpp">
      <Filter>Source Files</Filter>
    </ClCompile>
    <ClCompile Include="CInjectedLibraries.cpp">
      <Filter>Source Files</Filter>
    </ClCompile>
    <ClCompile Include="Misc.cpp">
      <Filter>Source Files</Filter>
    </ClCompile>
    <ClCompile Include="CClientUpdater.cpp">
      <Filter>Source Files</Filter>
    </ClCompile>
    <ClCompile Include="CDirectoryScanner.cpp">
      <Filter>Source Files</Filter>
    </ClCompile>
    <ClCompile Include="GTASA_CRC32.cpp">
      <Filter>Source Files\IMG Reader</Filter>
    </ClCompile>
    <ClCompile Include="IMG.cpp">
      <Filter>Source Files\IMG Reader</Filter>
    </ClCompile>
    <ClCompile Include="..\Shared\MD5_Info\Cmd5Info.cpp">
      <Filter>Source Files\Shared\MD5 Info</Filter>
    </ClCompile>
    <ClCompile Include="CMem.cpp">
      <Filter>Source Files</Filter>
    </ClCompile>
    <ClCompile Include="CModuleSecurity.cpp">
      <Filter>Source Files</Filter>
    </ClCompile>
    <ClCompile Include="CSprite.cpp">
      <Filter>Source Files</Filter>
    </ClCompile>
    <ClCompile Include="PatternScan.cpp">
      <Filter>Source Files</Filter>
    </ClCompile>
    <ClCompile Include="s0beit\samp.cpp">
      <Filter>Source Files\s0beit</Filter>
    </ClCompile>
    <ClCompile Include="Network\HookedRakClient.cpp">
      <Filter>Source Files\Network</Filter>
    </ClCompile>
    <ClCompile Include="Network\RakClient.cpp">
      <Filter>Source Files\Network</Filter>
    </ClCompile>
    <ClCompile Include="Network\CRakClientHandler.cpp">
      <Filter>Source Files\Network</Filter>
    </ClCompile>
    <ClCompile Include="..\Shared\Network\BitStream.cpp">
      <Filter>Source Files\Shared\Network</Filter>
    </ClCompile>
    <ClCompile Include="CHookManager.cpp">
      <Filter>Source Files</Filter>
    </ClCompile>
    <ClCompile Include="CFunctionHooks.cpp">
      <Filter>Source Files</Filter>
    </ClCompile>
  </ItemGroup>
  <ItemGroup>
    <ClInclude Include="..\Shared\Network\CRPC.h">
      <Filter>Source Files\Shared\Network</Filter>
    </ClInclude>
    <ClInclude Include="..\Shared\Network\Network.h">
      <Filter>Source Files\Shared\Network</Filter>
    </ClInclude>
    <ClInclude Include="CParseCommandLine.h">
      <Filter>Header Files</Filter>
    </ClInclude>
    <ClInclude Include="CLog.h">
      <Filter>Header Files</Filter>
    </ClInclude>
    <ClInclude Include="Network\CRPCCallback.h">
      <Filter>Source Files\Network</Filter>
    </ClInclude>
    <ClInclude Include="..\Shared\Boost\aligned_storage.hpp">
      <Filter>Source Files\Shared\Boost</Filter>
    </ClInclude>
    <ClInclude Include="..\Shared\Boost\any.hpp">
      <Filter>Source Files\Shared\Boost</Filter>
    </ClInclude>
    <ClInclude Include="..\Shared\Boost\array.hpp">
      <Filter>Source Files\Shared\Boost</Filter>
    </ClInclude>
    <ClInclude Include="..\Shared\Boost\asio.hpp">
      <Filter>Source Files\Shared\Boost</Filter>
    </ClInclude>
    <ClInclude Include="..\Shared\Boost\assert.hpp">
      <Filter>Source Files\Shared\Boost</Filter>
    </ClInclude>
    <ClInclude Include="..\Shared\Boost\assign.hpp">
      <Filter>Source Files\Shared\Boost</Filter>
    </ClInclude>
    <ClInclude Include="..\Shared\Boost\atomic.hpp">
      <Filter>Source Files\Shared\Boost</Filter>
    </ClInclude>
    <ClInclude Include="..\Shared\Boost\bimap.hpp">
      <Filter>Source Files\Shared\Boost</Filter>
    </ClInclude>
    <ClInclude Include="..\Shared\Boost\bind.hpp">
      <Filter>Source Files\Shared\Boost</Filter>
    </ClInclude>
    <ClInclude Include="..\Shared\Boost\blank.hpp">
      <Filter>Source Files\Shared\Boost</Filter>
    </ClInclude>
    <ClInclude Include="..\Shared\Boost\blank_fwd.hpp">
      <Filter>Source Files\Shared\Boost</Filter>
    </ClInclude>
    <ClInclude Include="..\Shared\Boost\call_traits.hpp">
      <Filter>Source Files\Shared\Boost</Filter>
    </ClInclude>
    <ClInclude Include="..\Shared\Boost\cast.hpp">
      <Filter>Source Files\Shared\Boost</Filter>
    </ClInclude>
    <ClInclude Include="..\Shared\Boost\cerrno.hpp">
      <Filter>Source Files\Shared\Boost</Filter>
    </ClInclude>
    <ClInclude Include="..\Shared\Boost\checked_delete.hpp">
      <Filter>Source Files\Shared\Boost</Filter>
    </ClInclude>
    <ClInclude Include="..\Shared\Boost\chrono.hpp">
      <Filter>Source Files\Shared\Boost</Filter>
    </ClInclude>
    <ClInclude Include="..\Shared\Boost\circular_buffer.hpp">
      <Filter>Source Files\Shared\Boost</Filter>
    </ClInclude>
    <ClInclude Include="..\Shared\Boost\circular_buffer_fwd.hpp">
      <Filter>Source Files\Shared\Boost</Filter>
    </ClInclude>
    <ClInclude Include="..\Shared\Boost\compressed_pair.hpp">
      <Filter>Source Files\Shared\Boost</Filter>
    </ClInclude>
    <ClInclude Include="..\Shared\Boost\concept_archetype.hpp">
      <Filter>Source Files\Shared\Boost</Filter>
    </ClInclude>
    <ClInclude Include="..\Shared\Boost\concept_check.hpp">
      <Filter>Source Files\Shared\Boost</Filter>
    </ClInclude>
    <ClInclude Include="..\Shared\Boost\config.hpp">
      <Filter>Source Files\Shared\Boost</Filter>
    </ClInclude>
    <ClInclude Include="..\Shared\Boost\crc.hpp">
      <Filter>Source Files\Shared\Boost</Filter>
    </ClInclude>
    <ClInclude Include="..\Shared\Boost\cregex.hpp">
      <Filter>Source Files\Shared\Boost</Filter>
    </ClInclude>
    <ClInclude Include="..\Shared\Boost\cstdint.hpp">
      <Filter>Source Files\Shared\Boost</Filter>
    </ClInclude>
    <ClInclude Include="..\Shared\Boost\cstdlib.hpp">
      <Filter>Source Files\Shared\Boost</Filter>
    </ClInclude>
    <ClInclude Include="..\Shared\Boost\current_function.hpp">
      <Filter>Source Files\Shared\Boost</Filter>
    </ClInclude>
    <ClInclude Include="..\Shared\Boost\date_time.hpp">
      <Filter>Source Files\Shared\Boost</Filter>
    </ClInclude>
    <ClInclude Include="..\Shared\Boost\dynamic_bitset.hpp">
      <Filter>Source Files\Shared\Boost</Filter>
    </ClInclude>
    <ClInclude Include="..\Shared\Boost\dynamic_bitset_fwd.hpp">
      <Filter>Source Files\Shared\Boost</Filter>
    </ClInclude>
    <ClInclude Include="..\Shared\Boost\enable_shared_from_this.hpp">
      <Filter>Source Files\Shared\Boost</Filter>
    </ClInclude>
    <ClInclude Include="..\Shared\Boost\exception.hpp">
      <Filter>Source Files\Shared\Boost</Filter>
    </ClInclude>
    <ClInclude Include="..\Shared\Boost\exception_ptr.hpp">
      <Filter>Source Files\Shared\Boost</Filter>
    </ClInclude>
    <ClInclude Include="..\Shared\Boost\filesystem.hpp">
      <Filter>Source Files\Shared\Boost</Filter>
    </ClInclude>
    <ClInclude Include="..\Shared\Boost\flyweight.hpp">
      <Filter>Source Files\Shared\Boost</Filter>
    </ClInclude>
    <ClInclude Include="..\Shared\Boost\foreach.hpp">
      <Filter>Source Files\Shared\Boost</Filter>
    </ClInclude>
    <ClInclude Include="..\Shared\Boost\foreach_fwd.hpp">
      <Filter>Source Files\Shared\Boost</Filter>
    </ClInclude>
    <ClInclude Include="..\Shared\Boost\format.hpp">
      <Filter>Source Files\Shared\Boost</Filter>
    </ClInclude>
    <ClInclude Include="..\Shared\Boost\function.hpp">
      <Filter>Source Files\Shared\Boost</Filter>
    </ClInclude>
    <ClInclude Include="..\Shared\Boost\function_equal.hpp">
      <Filter>Source Files\Shared\Boost</Filter>
    </ClInclude>
    <ClInclude Include="..\Shared\Boost\function_output_iterator.hpp">
      <Filter>Source Files\Shared\Boost</Filter>
    </ClInclude>
    <ClInclude Include="..\Shared\Boost\functional.hpp">
      <Filter>Source Files\Shared\Boost</Filter>
    </ClInclude>
    <ClInclude Include="..\Shared\Boost\generator_iterator.hpp">
      <Filter>Source Files\Shared\Boost</Filter>
    </ClInclude>
    <ClInclude Include="..\Shared\Boost\geometry.hpp">
      <Filter>Source Files\Shared\Boost</Filter>
    </ClInclude>
    <ClInclude Include="..\Shared\Boost\get_pointer.hpp">
      <Filter>Source Files\Shared\Boost</Filter>
    </ClInclude>
    <ClInclude Include="..\Shared\Boost\implicit_cast.hpp">
      <Filter>Source Files\Shared\Boost</Filter>
    </ClInclude>
    <ClInclude Include="..\Shared\Boost\indirect_reference.hpp">
      <Filter>Source Files\Shared\Boost</Filter>
    </ClInclude>
    <ClInclude Include="..\Shared\Boost\integer.hpp">
      <Filter>Source Files\Shared\Boost</Filter>
    </ClInclude>
    <ClInclude Include="..\Shared\Boost\integer_fwd.hpp">
      <Filter>Source Files\Shared\Boost</Filter>
    </ClInclude>
    <ClInclude Include="..\Shared\Boost\integer_traits.hpp">
      <Filter>Source Files\Shared\Boost</Filter>
    </ClInclude>
    <ClInclude Include="..\Shared\Boost\intrusive_ptr.hpp">
      <Filter>Source Files\Shared\Boost</Filter>
    </ClInclude>
    <ClInclude Include="..\Shared\Boost\io_fwd.hpp">
      <Filter>Source Files\Shared\Boost</Filter>
    </ClInclude>
    <ClInclude Include="..\Shared\Boost\is_placeholder.hpp">
      <Filter>Source Files\Shared\Boost</Filter>
    </ClInclude>
    <ClInclude Include="..\Shared\Boost\iterator.hpp">
      <Filter>Source Files\Shared\Boost</Filter>
    </ClInclude>
    <ClInclude Include="..\Shared\Boost\iterator_adaptors.hpp">
      <Filter>Source Files\Shared\Boost</Filter>
    </ClInclude>
    <ClInclude Include="..\Shared\Boost\last_value.hpp">
      <Filter>Source Files\Shared\Boost</Filter>
    </ClInclude>
    <ClInclude Include="..\Shared\Boost\lexical_cast.hpp">
      <Filter>Source Files\Shared\Boost</Filter>
    </ClInclude>
    <ClInclude Include="..\Shared\Boost\limits.hpp">
      <Filter>Source Files\Shared\Boost</Filter>
    </ClInclude>
    <ClInclude Include="..\Shared\Boost\local_function.hpp">
      <Filter>Source Files\Shared\Boost</Filter>
    </ClInclude>
    <ClInclude Include="..\Shared\Boost\locale.hpp">
      <Filter>Source Files\Shared\Boost</Filter>
    </ClInclude>
    <ClInclude Include="..\Shared\Boost\make_shared.hpp">
      <Filter>Source Files\Shared\Boost</Filter>
    </ClInclude>
    <ClInclude Include="..\Shared\Boost\math_fwd.hpp">
      <Filter>Source Files\Shared\Boost</Filter>
    </ClInclude>
    <ClInclude Include="..\Shared\Boost\mem_fn.hpp">
      <Filter>Source Files\Shared\Boost</Filter>
    </ClInclude>
    <ClInclude Include="..\Shared\Boost\memory_order.hpp">
      <Filter>Source Files\Shared\Boost</Filter>
    </ClInclude>
    <ClInclude Include="..\Shared\Boost\mpi.hpp">
      <Filter>Source Files\Shared\Boost</Filter>
    </ClInclude>
    <ClInclude Include="..\Shared\Boost\multi_array.hpp">
      <Filter>Source Files\Shared\Boost</Filter>
    </ClInclude>
    <ClInclude Include="..\Shared\Boost\multi_index_container.hpp">
      <Filter>Source Files\Shared\Boost</Filter>
    </ClInclude>
    <ClInclude Include="..\Shared\Boost\multi_index_container_fwd.hpp">
      <Filter>Source Files\Shared\Boost</Filter>
    </ClInclude>
    <ClInclude Include="..\Shared\Boost\next_prior.hpp">
      <Filter>Source Files\Shared\Boost</Filter>
    </ClInclude>
    <ClInclude Include="..\Shared\Boost\non_type.hpp">
      <Filter>Source Files\Shared\Boost</Filter>
    </ClInclude>
    <ClInclude Include="..\Shared\Boost\noncopyable.hpp">
      <Filter>Source Files\Shared\Boost</Filter>
    </ClInclude>
    <ClInclude Include="..\Shared\Boost\nondet_random.hpp">
      <Filter>Source Files\Shared\Boost</Filter>
    </ClInclude>
    <ClInclude Include="..\Shared\Boost\none.hpp">
      <Filter>Source Files\Shared\Boost</Filter>
    </ClInclude>
    <ClInclude Include="..\Shared\Boost\none_t.hpp">
      <Filter>Source Files\Shared\Boost</Filter>
    </ClInclude>
    <ClInclude Include="..\Shared\Boost\operators.hpp">
      <Filter>Source Files\Shared\Boost</Filter>
    </ClInclude>
    <ClInclude Include="..\Shared\Boost\optional.hpp">
      <Filter>Source Files\Shared\Boost</Filter>
    </ClInclude>
    <ClInclude Include="..\Shared\Boost\parameter.hpp">
      <Filter>Source Files\Shared\Boost</Filter>
    </ClInclude>
    <ClInclude Include="..\Shared\Boost\phoenix.hpp">
      <Filter>Source Files\Shared\Boost</Filter>
    </ClInclude>
    <ClInclude Include="..\Shared\Boost\pointee.hpp">
      <Filter>Source Files\Shared\Boost</Filter>
    </ClInclude>
    <ClInclude Include="..\Shared\Boost\pointer_cast.hpp">
      <Filter>Source Files\Shared\Boost</Filter>
    </ClInclude>
    <ClInclude Include="..\Shared\Boost\pointer_to_other.hpp">
      <Filter>Source Files\Shared\Boost</Filter>
    </ClInclude>
    <ClInclude Include="..\Shared\Boost\predef.h">
      <Filter>Source Files\Shared\Boost</Filter>
    </ClInclude>
    <ClInclude Include="..\Shared\Boost\preprocessor.hpp">
      <Filter>Source Files\Shared\Boost</Filter>
    </ClInclude>
    <ClInclude Include="..\Shared\Boost\program_options.hpp">
      <Filter>Source Files\Shared\Boost</Filter>
    </ClInclude>
    <ClInclude Include="..\Shared\Boost\progress.hpp">
      <Filter>Source Files\Shared\Boost</Filter>
    </ClInclude>
    <ClInclude Include="..\Shared\Boost\python.hpp">
      <Filter>Source Files\Shared\Boost</Filter>
    </ClInclude>
    <ClInclude Include="..\Shared\Boost\random.hpp">
      <Filter>Source Files\Shared\Boost</Filter>
    </ClInclude>
    <ClInclude Include="..\Shared\Boost\range.hpp">
      <Filter>Source Files\Shared\Boost</Filter>
    </ClInclude>
    <ClInclude Include="..\Shared\Boost\ratio.hpp">
      <Filter>Source Files\Shared\Boost</Filter>
    </ClInclude>
    <ClInclude Include="..\Shared\Boost\rational.hpp">
      <Filter>Source Files\Shared\Boost</Filter>
    </ClInclude>
    <ClInclude Include="..\Shared\Boost\ref.hpp">
      <Filter>Source Files\Shared\Boost</Filter>
    </ClInclude>
    <ClInclude Include="..\Shared\Boost\regex.h">
      <Filter>Source Files\Shared\Boost</Filter>
    </ClInclude>
    <ClInclude Include="..\Shared\Boost\regex.hpp">
      <Filter>Source Files\Shared\Boost</Filter>
    </ClInclude>
    <ClInclude Include="..\Shared\Boost\regex_fwd.hpp">
      <Filter>Source Files\Shared\Boost</Filter>
    </ClInclude>
    <ClInclude Include="..\Shared\Boost\scope_exit.hpp">
      <Filter>Source Files\Shared\Boost</Filter>
    </ClInclude>
    <ClInclude Include="..\Shared\Boost\scoped_array.hpp">
      <Filter>Source Files\Shared\Boost</Filter>
    </ClInclude>
    <ClInclude Include="..\Shared\Boost\scoped_ptr.hpp">
      <Filter>Source Files\Shared\Boost</Filter>
    </ClInclude>
    <ClInclude Include="..\Shared\Boost\shared_array.hpp">
      <Filter>Source Files\Shared\Boost</Filter>
    </ClInclude>
    <ClInclude Include="..\Shared\Boost\shared_container_iterator.hpp">
      <Filter>Source Files\Shared\Boost</Filter>
    </ClInclude>
    <ClInclude Include="..\Shared\Boost\shared_ptr.hpp">
      <Filter>Source Files\Shared\Boost</Filter>
    </ClInclude>
    <ClInclude Include="..\Shared\Boost\signal.hpp">
      <Filter>Source Files\Shared\Boost</Filter>
    </ClInclude>
    <ClInclude Include="..\Shared\Boost\signals.hpp">
      <Filter>Source Files\Shared\Boost</Filter>
    </ClInclude>
    <ClInclude Include="..\Shared\Boost\signals2.hpp">
      <Filter>Source Files\Shared\Boost</Filter>
    </ClInclude>
    <ClInclude Include="..\Shared\Boost\smart_ptr.hpp">
      <Filter>Source Files\Shared\Boost</Filter>
    </ClInclude>
    <ClInclude Include="..\Shared\Boost\spirit.hpp">
      <Filter>Source Files\Shared\Boost</Filter>
    </ClInclude>
    <ClInclude Include="..\Shared\Boost\static_assert.hpp">
      <Filter>Source Files\Shared\Boost</Filter>
    </ClInclude>
    <ClInclude Include="..\Shared\Boost\strong_typedef.hpp">
      <Filter>Source Files\Shared\Boost</Filter>
    </ClInclude>
    <ClInclude Include="..\Shared\Boost\swap.hpp">
      <Filter>Source Files\Shared\Boost</Filter>
    </ClInclude>
    <ClInclude Include="..\Shared\Boost\thread.hpp">
      <Filter>Source Files\Shared\Boost</Filter>
    </ClInclude>
    <ClInclude Include="..\Shared\Boost\throw_exception.hpp">
      <Filter>Source Files\Shared\Boost</Filter>
    </ClInclude>
    <ClInclude Include="..\Shared\Boost\timer.hpp">
      <Filter>Source Files\Shared\Boost</Filter>
    </ClInclude>
    <ClInclude Include="..\Shared\Boost\token_functions.hpp">
      <Filter>Source Files\Shared\Boost</Filter>
    </ClInclude>
    <ClInclude Include="..\Shared\Boost\token_iterator.hpp">
      <Filter>Source Files\Shared\Boost</Filter>
    </ClInclude>
    <ClInclude Include="..\Shared\Boost\tokenizer.hpp">
      <Filter>Source Files\Shared\Boost</Filter>
    </ClInclude>
    <ClInclude Include="..\Shared\Boost\type.hpp">
      <Filter>Source Files\Shared\Boost</Filter>
    </ClInclude>
    <ClInclude Include="..\Shared\Boost\type_traits.hpp">
      <Filter>Source Files\Shared\Boost</Filter>
    </ClInclude>
    <ClInclude Include="..\Shared\Boost\unordered_map.hpp">
      <Filter>Source Files\Shared\Boost</Filter>
    </ClInclude>
    <ClInclude Include="..\Shared\Boost\unordered_set.hpp">
      <Filter>Source Files\Shared\Boost</Filter>
    </ClInclude>
    <ClInclude Include="..\Shared\Boost\utility.hpp">
      <Filter>Source Files\Shared\Boost</Filter>
    </ClInclude>
    <ClInclude Include="..\Shared\Boost\variant.hpp">
      <Filter>Source Files\Shared\Boost</Filter>
    </ClInclude>
    <ClInclude Include="..\Shared\Boost\version.hpp">
      <Filter>Source Files\Shared\Boost</Filter>
    </ClInclude>
    <ClInclude Include="..\Shared\Boost\visit_each.hpp">
      <Filter>Source Files\Shared\Boost</Filter>
    </ClInclude>
    <ClInclude Include="..\Shared\Boost\wave.hpp">
      <Filter>Source Files\Shared\Boost</Filter>
    </ClInclude>
    <ClInclude Include="..\Shared\Boost\weak_ptr.hpp">
      <Filter>Source Files\Shared\Boost</Filter>
    </ClInclude>
    <ClInclude Include="CLoader.h">
      <Filter>Header Files</Filter>
    </ClInclude>
    <ClInclude Include="DirectX Hooks\CD3D9DeviceProxy.h">
      <Filter>Source Files\DirectX Hooks</Filter>
    </ClInclude>
    <ClInclude Include="DirectX Hooks\CD3D9Proxy.h">
      <Filter>Source Files\DirectX Hooks</Filter>
    </ClInclude>
    <ClInclude Include="DirectX Hooks\CMessageProxy.h">
      <Filter>Source Files\DirectX Hooks</Filter>
    </ClInclude>
    <ClInclude Include="DirectX\audiodefs.h">
      <Filter>Header Files\DirectX</Filter>
    </ClInclude>
    <ClInclude Include="DirectX\comdecl.h">
      <Filter>Header Files\DirectX</Filter>
    </ClInclude>
    <ClInclude Include="DirectX\D2D1.h">
      <Filter>Header Files\DirectX</Filter>
    </ClInclude>
    <ClInclude Include="DirectX\D2D1Helper.h">
      <Filter>Header Files\DirectX</Filter>
    </ClInclude>
    <ClInclude Include="DirectX\D2DBaseTypes.h">
      <Filter>Header Files\DirectX</Filter>
    </ClInclude>
    <ClInclude Include="DirectX\D2Derr.h">
      <Filter>Header Files\DirectX</Filter>
    </ClInclude>
    <ClInclude Include="DirectX\d3d9.h">
      <Filter>Header Files\DirectX</Filter>
    </ClInclude>
    <ClInclude Include="DirectX\d3d9caps.h">
      <Filter>Header Files\DirectX</Filter>
    </ClInclude>
    <ClInclude Include="DirectX\d3d9types.h">
      <Filter>Header Files\DirectX</Filter>
    </ClInclude>
    <ClInclude Include="DirectX\D3D10.h">
      <Filter>Header Files\DirectX</Filter>
    </ClInclude>
    <ClInclude Include="DirectX\D3D10_1.h">
      <Filter>Header Files\DirectX</Filter>
    </ClInclude>
    <ClInclude Include="DirectX\D3D10_1shader.h">
      <Filter>Header Files\DirectX</Filter>
    </ClInclude>
    <ClInclude Include="DirectX\D3D10effect.h">
      <Filter>Header Files\DirectX</Filter>
    </ClInclude>
    <ClInclude Include="DirectX\d3d10misc.h">
      <Filter>Header Files\DirectX</Filter>
    </ClInclude>
    <ClInclude Include="DirectX\d3d10sdklayers.h">
      <Filter>Header Files\DirectX</Filter>
    </ClInclude>
    <ClInclude Include="DirectX\D3D10shader.h">
      <Filter>Header Files\DirectX</Filter>
    </ClInclude>
    <ClInclude Include="DirectX\D3D11.h">
      <Filter>Header Files\DirectX</Filter>
    </ClInclude>
    <ClInclude Include="DirectX\D3D11SDKLayers.h">
      <Filter>Header Files\DirectX</Filter>
    </ClInclude>
    <ClInclude Include="DirectX\D3D11Shader.h">
      <Filter>Header Files\DirectX</Filter>
    </ClInclude>
    <ClInclude Include="DirectX\D3Dcommon.h">
      <Filter>Header Files\DirectX</Filter>
    </ClInclude>
    <ClInclude Include="DirectX\D3Dcompiler.h">
      <Filter>Header Files\DirectX</Filter>
    </ClInclude>
    <ClInclude Include="DirectX\D3DCSX.h">
      <Filter>Header Files\DirectX</Filter>
    </ClInclude>
    <ClInclude Include="DirectX\d3dx9.h">
      <Filter>Header Files\DirectX</Filter>
    </ClInclude>
    <ClInclude Include="DirectX\d3dx9anim.h">
      <Filter>Header Files\DirectX</Filter>
    </ClInclude>
    <ClInclude Include="DirectX\d3dx9core.h">
      <Filter>Header Files\DirectX</Filter>
    </ClInclude>
    <ClInclude Include="DirectX\d3dx9effect.h">
      <Filter>Header Files\DirectX</Filter>
    </ClInclude>
    <ClInclude Include="DirectX\d3dx9math.h">
      <Filter>Header Files\DirectX</Filter>
    </ClInclude>
    <ClInclude Include="DirectX\d3dx9mesh.h">
      <Filter>Header Files\DirectX</Filter>
    </ClInclude>
    <ClInclude Include="DirectX\d3dx9shader.h">
      <Filter>Header Files\DirectX</Filter>
    </ClInclude>
    <ClInclude Include="DirectX\d3dx9shape.h">
      <Filter>Header Files\DirectX</Filter>
    </ClInclude>
    <ClInclude Include="DirectX\d3dx9tex.h">
      <Filter>Header Files\DirectX</Filter>
    </ClInclude>
    <ClInclude Include="DirectX\d3dx9xof.h">
      <Filter>Header Files\DirectX</Filter>
    </ClInclude>
    <ClInclude Include="DirectX\D3DX10.h">
      <Filter>Header Files\DirectX</Filter>
    </ClInclude>
    <ClInclude Include="DirectX\d3dx10async.h">
      <Filter>Header Files\DirectX</Filter>
    </ClInclude>
    <ClInclude Include="DirectX\D3DX10core.h">
      <Filter>Header Files\DirectX</Filter>
    </ClInclude>
    <ClInclude Include="DirectX\D3DX10math.h">
      <Filter>Header Files\DirectX</Filter>
    </ClInclude>
    <ClInclude Include="DirectX\D3DX10mesh.h">
      <Filter>Header Files\DirectX</Filter>
    </ClInclude>
    <ClInclude Include="DirectX\D3DX10tex.h">
      <Filter>Header Files\DirectX</Filter>
    </ClInclude>
    <ClInclude Include="DirectX\D3DX11.h">
      <Filter>Header Files\DirectX</Filter>
    </ClInclude>
    <ClInclude Include="DirectX\D3DX11async.h">
      <Filter>Header Files\DirectX</Filter>
    </ClInclude>
    <ClInclude Include="DirectX\D3DX11core.h">
      <Filter>Header Files\DirectX</Filter>
    </ClInclude>
    <ClInclude Include="DirectX\D3DX11tex.h">
      <Filter>Header Files\DirectX</Filter>
    </ClInclude>
    <ClInclude Include="DirectX\Dcommon.h">
      <Filter>Header Files\DirectX</Filter>
    </ClInclude>
    <ClInclude Include="DirectX\dinput.h">
      <Filter>Header Files\DirectX</Filter>
    </ClInclude>
    <ClInclude Include="DirectX\dinputd.h">
      <Filter>Header Files\DirectX</Filter>
    </ClInclude>
    <ClInclude Include="DirectX\dsconf.h">
      <Filter>Header Files\DirectX</Filter>
    </ClInclude>
    <ClInclude Include="DirectX\dsetup.h">
      <Filter>Header Files\DirectX</Filter>
    </ClInclude>
    <ClInclude Include="DirectX\dsound.h">
      <Filter>Header Files\DirectX</Filter>
    </ClInclude>
    <ClInclude Include="DirectX\DWrite.h">
      <Filter>Header Files\DirectX</Filter>
    </ClInclude>
    <ClInclude Include="DirectX\dxdiag.h">
      <Filter>Header Files\DirectX</Filter>
    </ClInclude>
    <ClInclude Include="DirectX\DxErr.h">
      <Filter>Header Files\DirectX</Filter>
    </ClInclude>
    <ClInclude Include="DirectX\dxfile.h">
      <Filter>Header Files\DirectX</Filter>
    </ClInclude>
    <ClInclude Include="DirectX\DXGI.h">
      <Filter>Header Files\DirectX</Filter>
    </ClInclude>
    <ClInclude Include="DirectX\DXGIFormat.h">
      <Filter>Header Files\DirectX</Filter>
    </ClInclude>
    <ClInclude Include="DirectX\DXGIType.h">
      <Filter>Header Files\DirectX</Filter>
    </ClInclude>
    <ClInclude Include="DirectX\dxsdkver.h">
      <Filter>Header Files\DirectX</Filter>
    </ClInclude>
    <ClInclude Include="DirectX\gameux.h">
      <Filter>Header Files\DirectX</Filter>
    </ClInclude>
    <ClInclude Include="DirectX\PIXPlugin.h">
      <Filter>Header Files\DirectX</Filter>
    </ClInclude>
    <ClInclude Include="DirectX\rmxfguid.h">
      <Filter>Header Files\DirectX</Filter>
    </ClInclude>
    <ClInclude Include="DirectX\rmxftmpl.h">
      <Filter>Header Files\DirectX</Filter>
    </ClInclude>
    <ClInclude Include="DirectX\rpcsal.h">
      <Filter>Header Files\DirectX</Filter>
    </ClInclude>
    <ClInclude Include="DirectX\X3DAudio.h">
      <Filter>Header Files\DirectX</Filter>
    </ClInclude>
    <ClInclude Include="DirectX\xact3.h">
      <Filter>Header Files\DirectX</Filter>
    </ClInclude>
    <ClInclude Include="DirectX\xact3d3.h">
      <Filter>Header Files\DirectX</Filter>
    </ClInclude>
    <ClInclude Include="DirectX\xact3wb.h">
      <Filter>Header Files\DirectX</Filter>
    </ClInclude>
    <ClInclude Include="DirectX\XAPO.h">
      <Filter>Header Files\DirectX</Filter>
    </ClInclude>
    <ClInclude Include="DirectX\XAPOBase.h">
      <Filter>Header Files\DirectX</Filter>
    </ClInclude>
    <ClInclude Include="DirectX\XAPOFX.h">
      <Filter>Header Files\DirectX</Filter>
    </ClInclude>
    <ClInclude Include="DirectX\XAudio2.h">
      <Filter>Header Files\DirectX</Filter>
    </ClInclude>
    <ClInclude Include="DirectX\XAudio2fx.h">
      <Filter>Header Files\DirectX</Filter>
    </ClInclude>
    <ClInclude Include="DirectX\XDSP.h">
      <Filter>Header Files\DirectX</Filter>
    </ClInclude>
    <ClInclude Include="DirectX\XInput.h">
      <Filter>Header Files\DirectX</Filter>
    </ClInclude>
    <ClInclude Include="DirectX\xma2defs.h">
      <Filter>Header Files\DirectX</Filter>
    </ClInclude>
    <ClInclude Include="DirectX\xnamath.h">
      <Filter>Header Files\DirectX</Filter>
    </ClInclude>
    <ClInclude Include="Detours\detours.h">
      <Filter>Header Files\Detours</Filter>
    </ClInclude>
    <ClInclude Include="CDirectX.h">
      <Filter>Header Files</Filter>
    </ClInclude>
    <ClInclude Include="CCheats.h">
      <Filter>Header Files</Filter>
    </ClInclude>
    <ClInclude Include="CProcessList.h">
      <Filter>Header Files</Filter>
    </ClInclude>
    <ClInclude Include="md5.h">
      <Filter>Header Files</Filter>
    </ClInclude>
    <ClInclude Include="CInjectedLibraries.h">
      <Filter>Header Files</Filter>
    </ClInclude>
    <ClInclude Include="Addresses.h">
      <Filter>Header Files</Filter>
    </ClInclude>
    <ClInclude Include="Misc.h">
      <Filter>Header Files</Filter>
    </ClInclude>
    <ClInclude Include="CClientUpdater.h">
      <Filter>Header Files</Filter>
    </ClInclude>
    <ClInclude Include="CDirectoryScanner.h">
      <Filter>Header Files</Filter>
    </ClInclude>
    <ClInclude Include="GTASA_CRC32.h">
      <Filter>Source Files\IMG Reader</Filter>
    </ClInclude>
    <ClInclude Include="IMG.h">
      <Filter>Source Files\IMG Reader</Filter>
    </ClInclude>
    <ClInclude Include="..\Shared\MD5_Info\Cmd5Info.h">
      <Filter>Source Files\Shared\MD5 Info</Filter>
    </ClInclude>
    <ClInclude Include="CPatch.h">
      <Filter>Header Files</Filter>
    </ClInclude>
    <ClInclude Include="CMem.h">
      <Filter>Header Files</Filter>
    </ClInclude>
    <ClInclude Include="CHookManager.h">
      <Filter>Header Files</Filter>
    </ClInclude>
    <ClInclude Include="Hooks.h">
      <Filter>Header Files</Filter>
    </ClInclude>
    <ClInclude Include="VersionHelpers.h">
      <Filter>Header Files</Filter>
    </ClInclude>
    <ClInclude Include="CModuleSecurity.h">
      <Filter>Header Files</Filter>
    </ClInclude>
    <ClInclude Include="CSprite.h">
      <Filter>Header Files</Filter>
    </ClInclude>
    <ClInclude Include="resource.h">
      <Filter>Header Files</Filter>
    </ClInclude>
    <ClInclude Include="PatternScan.h">
      <Filter>Header Files</Filter>
    </ClInclude>
    <ClInclude Include="s0beit\samp.h">
      <Filter>Source Files\s0beit</Filter>
    </ClInclude>
    <ClInclude Include="s0beit\stdtypes.h">
      <Filter>Source Files\s0beit</Filter>
    </ClInclude>
    <ClInclude Include="Network\HookedRakClient.h">
      <Filter>Source Files\Network</Filter>
    </ClInclude>
    <ClInclude Include="Network\RakClient.h">
      <Filter>Source Files\Network</Filter>
    </ClInclude>
    <ClInclude Include="Network\CRakClientHandler.h">
      <Filter>Source Files\Network</Filter>
    </ClInclude>
    <ClInclude Include="..\Shared\Network\BitStream.h">
      <Filter>Source Files\Shared\Network</Filter>
    </ClInclude>
    <ClInclude Include="Enigma\enigma_ide.h">
      <Filter>Header Files\Enigma</Filter>
    </ClInclude>
    <ClInclude Include="Enigma\enigma_keygen_ide.h">
      <Filter>Header Files\Enigma</Filter>
    </ClInclude>
    <ClInclude Include="CFunctionHooks.h">
      <Filter>Header Files</Filter>
    </ClInclude>
  </ItemGroup>
  <ItemGroup>
    <None Include="DirectX\D3DX_DXGIFormatConvert.inl">
      <Filter>Header Files\DirectX</Filter>
    </None>
    <None Include="DirectX\d3dx9math.inl">
      <Filter>Header Files\DirectX</Filter>
    </None>
    <None Include="DirectX\D3DX10math.inl">
      <Filter>Header Files\DirectX</Filter>
    </None>
    <None Include="DirectX\xnamathconvert.inl">
      <Filter>Header Files\DirectX</Filter>
    </None>
    <None Include="DirectX\xnamathmatrix.inl">
      <Filter>Header Files\DirectX</Filter>
    </None>
    <None Include="DirectX\xnamathmisc.inl">
      <Filter>Header Files\DirectX</Filter>
    </None>
    <None Include="DirectX\xnamathvector.inl">
      <Filter>Header Files\DirectX</Filter>
    </None>
    <None Include="Enigma\check_protection_begin.inc">
      <Filter>Header Files\Enigma</Filter>
    </None>
    <None Include="Enigma\check_protection_end.inc">
      <Filter>Header Files\Enigma</Filter>
    </None>
    <None Include="Enigma\decrypt_on_execute_begin.inc">
      <Filter>Header Files\Enigma</Filter>
    </None>
    <None Include="Enigma\decrypt_on_execute_end.inc">
      <Filter>Header Files\Enigma</Filter>
    </None>
    <None Include="Enigma\reg_crypt_begin1.inc">
      <Filter>Header Files\Enigma</Filter>
    </None>
    <None Include="Enigma\reg_crypt_begin2.inc">
      <Filter>Header Files\Enigma</Filter>
    </None>
    <None Include="Enigma\reg_crypt_begin3.inc">
      <Filter>Header Files\Enigma</Filter>
    </None>
    <None Include="Enigma\reg_crypt_begin4.inc">
      <Filter>Header Files\Enigma</Filter>
    </None>
    <None Include="Enigma\reg_crypt_begin5.inc">
      <Filter>Header Files\Enigma</Filter>
    </None>
    <None Include="Enigma\reg_crypt_begin6.inc">
      <Filter>Header Files\Enigma</Filter>
    </None>
    <None Include="Enigma\reg_crypt_begin7.inc">
      <Filter>Header Files\Enigma</Filter>
    </None>
    <None Include="Enigma\reg_crypt_begin8.inc">
      <Filter>Header Files\Enigma</Filter>
    </None>
    <None Include="Enigma\reg_crypt_begin9.inc">
      <Filter>Header Files\Enigma</Filter>
    </None>
    <None Include="Enigma\reg_crypt_begin10.inc">
      <Filter>Header Files\Enigma</Filter>
    </None>
    <None Include="Enigma\reg_crypt_begin11.inc">
      <Filter>Header Files\Enigma</Filter>
    </None>
    <None Include="Enigma\reg_crypt_begin12.inc">
      <Filter>Header Files\Enigma</Filter>
    </None>
    <None Include="Enigma\reg_crypt_begin13.inc">
      <Filter>Header Files\Enigma</Filter>
    </None>
    <None Include="Enigma\reg_crypt_begin14.inc">
      <Filter>Header Files\Enigma</Filter>
    </None>
    <None Include="Enigma\reg_crypt_begin15.inc">
      <Filter>Header Files\Enigma</Filter>
    </None>
    <None Include="Enigma\reg_crypt_begin16.inc">
      <Filter>Header Files\Enigma</Filter>
    </None>
    <None Include="Enigma\reg_crypt_end1.inc">
      <Filter>Header Files\Enigma</Filter>
    </None>
    <None Include="Enigma\reg_crypt_end2.inc">
      <Filter>Header Files\Enigma</Filter>
    </None>
    <None Include="Enigma\reg_crypt_end3.inc">
      <Filter>Header Files\Enigma</Filter>
    </None>
    <None Include="Enigma\reg_crypt_end4.inc">
      <Filter>Header Files\Enigma</Filter>
    </None>
    <None Include="Enigma\reg_crypt_end5.inc">
      <Filter>Header Files\Enigma</Filter>
    </None>
    <None Include="Enigma\reg_crypt_end6.inc">
      <Filter>Header Files\Enigma</Filter>
    </None>
    <None Include="Enigma\reg_crypt_end7.inc">
      <Filter>Header Files\Enigma</Filter>
    </None>
    <None Include="Enigma\reg_crypt_end8.inc">
      <Filter>Header Files\Enigma</Filter>
    </None>
    <None Include="Enigma\reg_crypt_end9.inc">
      <Filter>Header Files\Enigma</Filter>
    </None>
    <None Include="Enigma\reg_crypt_end10.inc">
      <Filter>Header Files\Enigma</Filter>
    </None>
    <None Include="Enigma\reg_crypt_end11.inc">
      <Filter>Header Files\Enigma</Filter>
    </None>
    <None Include="Enigma\reg_crypt_end12.inc">
      <Filter>Header Files\Enigma</Filter>
    </None>
    <None Include="Enigma\reg_crypt_end13.inc">
      <Filter>Header Files\Enigma</Filter>
    </None>
    <None Include="Enigma\reg_crypt_end14.inc">
      <Filter>Header Files\Enigma</Filter>
    </None>
    <None Include="Enigma\reg_crypt_end15.inc">
      <Filter>Header Files\Enigma</Filter>
    </None>
    <None Include="Enigma\reg_crypt_end16.inc">
      <Filter>Header Files\Enigma</Filter>
    </None>
    <None Include="Enigma\run_once_begin.inc">
      <Filter>Header Files\Enigma</Filter>
    </None>
    <None Include="Enigma\run_once_end.inc">
      <Filter>Header Files\Enigma</Filter>
    </None>
    <None Include="Enigma\unprotected_begin.inc">
      <Filter>Header Files\Enigma</Filter>
    </None>
    <None Include="Enigma\unprotected_end.inc">
      <Filter>Header Files\Enigma</Filter>
    </None>
    <None Include="Enigma\unreg_crypt_begin1.inc">
      <Filter>Header Files\Enigma</Filter>
    </None>
    <None Include="Enigma\unreg_crypt_begin2.inc">
      <Filter>Header Files\Enigma</Filter>
    </None>
    <None Include="Enigma\unreg_crypt_begin3.inc">
      <Filter>Header Files\Enigma</Filter>
    </None>
    <None Include="Enigma\unreg_crypt_begin4.inc">
      <Filter>Header Files\Enigma</Filter>
    </None>
    <None Include="Enigma\unreg_crypt_begin5.inc">
      <Filter>Header Files\Enigma</Filter>
    </None>
    <None Include="Enigma\unreg_crypt_begin6.inc">
      <Filter>Header Files\Enigma</Filter>
    </None>
    <None Include="Enigma\unreg_crypt_begin7.inc">
      <Filter>Header Files\Enigma</Filter>
    </None>
    <None Include="Enigma\unreg_crypt_begin8.inc">
      <Filter>Header Files\Enigma</Filter>
    </None>
    <None Include="Enigma\unreg_crypt_begin9.inc">
      <Filter>Header Files\Enigma</Filter>
    </None>
    <None Include="Enigma\unreg_crypt_begin10.inc">
      <Filter>Header Files\Enigma</Filter>
    </None>
    <None Include="Enigma\unreg_crypt_begin11.inc">
      <Filter>Header Files\Enigma</Filter>
    </None>
    <None Include="Enigma\unreg_crypt_begin12.inc">
      <Filter>Header Files\Enigma</Filter>
    </None>
    <None Include="Enigma\unreg_crypt_begin13.inc">
      <Filter>Header Files\Enigma</Filter>
    </None>
    <None Include="Enigma\unreg_crypt_begin14.inc">
      <Filter>Header Files\Enigma</Filter>
    </None>
    <None Include="Enigma\unreg_crypt_begin15.inc">
      <Filter>Header Files\Enigma</Filter>
    </None>
    <None Include="Enigma\unreg_crypt_begin16.inc">
      <Filter>Header Files\Enigma</Filter>
    </None>
    <None Include="Enigma\unreg_crypt_end1.inc">
      <Filter>Header Files\Enigma</Filter>
    </None>
    <None Include="Enigma\unreg_crypt_end2.inc">
      <Filter>Header Files\Enigma</Filter>
    </None>
    <None Include="Enigma\unreg_crypt_end3.inc">
      <Filter>Header Files\Enigma</Filter>
    </None>
    <None Include="Enigma\unreg_crypt_end4.inc">
      <Filter>Header Files\Enigma</Filter>
    </None>
    <None Include="Enigma\unreg_crypt_end5.inc">
      <Filter>Header Files\Enigma</Filter>
    </None>
    <None Include="Enigma\unreg_crypt_end6.inc">
      <Filter>Header Files\Enigma</Filter>
    </None>
    <None Include="Enigma\unreg_crypt_end7.inc">
      <Filter>Header Files\Enigma</Filter>
    </None>
    <None Include="Enigma\unreg_crypt_end8.inc">
      <Filter>Header Files\Enigma</Filter>
    </None>
    <None Include="Enigma\unreg_crypt_end9.inc">
      <Filter>Header Files\Enigma</Filter>
    </None>
    <None Include="Enigma\unreg_crypt_end10.inc">
      <Filter>Header Files\Enigma</Filter>
    </None>
    <None Include="Enigma\unreg_crypt_end11.inc">
      <Filter>Header Files\Enigma</Filter>
    </None>
    <None Include="Enigma\unreg_crypt_end12.inc">
      <Filter>Header Files\Enigma</Filter>
    </None>
    <None Include="Enigma\unreg_crypt_end13.inc">
      <Filter>Header Files\Enigma</Filter>
    </None>
    <None Include="Enigma\unreg_crypt_end14.inc">
      <Filter>Header Files\Enigma</Filter>
    </None>
    <None Include="Enigma\unreg_crypt_end15.inc">
      <Filter>Header Files\Enigma</Filter>
    </None>
    <None Include="Enigma\unreg_crypt_end16.inc">
      <Filter>Header Files\Enigma</Filter>
    </None>
    <None Include="Enigma\vm_begin.inc">
      <Filter>Header Files\Enigma</Filter>
    </None>
    <None Include="Enigma\vm_end.inc">
      <Filter>Header Files\Enigma</Filter>
    </None>
    <None Include="Enigma\vm_risc_begin.inc">
      <Filter>Header Files\Enigma</Filter>
    </None>
    <None Include="Enigma\vm_risc_end.inc">
      <Filter>Header Files\Enigma</Filter>
    </None>
  </ItemGroup>
</Project>