<?xml version="1.0" encoding="utf-8"?>
<Project ToolsVersion="4.0" xmlns="http://schemas.microsoft.com/developer/msbuild/2003">
  <ItemGroup>
    <Filter Include="Source Files">
      <UniqueIdentifier>{4FC737F1-C7A5-4376-A066-2A32D752A2FF}</UniqueIdentifier>
      <Extensions>cpp;c;cc;cxx;def;odl;idl;hpj;bat;asm;asmx</Extensions>
    </Filter>
    <Filter Include="Header Files">
      <UniqueIdentifier>{93995380-89BD-4b04-88EB-625FBE52EBFB}</UniqueIdentifier>
      <Extensions>h;hh;hpp;hxx;hm;inl;inc;xsd</Extensions>
    </Filter>
    <Filter Include="Resource Files">
      <UniqueIdentifier>{67DA6AB6-F800-4c08-8B7A-83BB121AAD01}</UniqueIdentifier>
      <Extensions>rc;ico;cur;bmp;dlg;rc2;rct;bin;rgs;gif;jpg;jpeg;jpe;resx;tiff;tif;png;wav;mfcribbon-ms</Extensions>
    </Filter>
    <Filter Include="Source Files\Shared">
      <UniqueIdentifier>{3712d3f0-5b7b-4711-9e7a-166cdb333c49}</UniqueIdentifier>
    </Filter>
    <Filter Include="Source Files\SDK">
      <UniqueIdentifier>{d4d29af1-20b8-4fcf-8553-58295ed94561}</UniqueIdentifier>
    </Filter>
    <Filter Include="Source Files\SDK\samp-sdk">
      <UniqueIdentifier>{10c49964-6388-4a45-8019-613f93ef5d2b}</UniqueIdentifier>
    </Filter>
    <Filter Include="Source Files\SDK\samp-sdk\amx">
      <UniqueIdentifier>{78524ff8-9b42-4656-ace6-524359fbae54}</UniqueIdentifier>
    </Filter>
    <Filter Include="Source Files\Network">
      <UniqueIdentifier>{3273192e-adb9-48ad-acf6-1491bc5ab3c4}</UniqueIdentifier>
    </Filter>
    <Filter Include="Source Files\Shared\Network">
      <UniqueIdentifier>{ac9fc14a-16f8-46ee-96f1-133d9b1c264a}</UniqueIdentifier>
    </Filter>
    <Filter Include="Source Files\SDK\samp-gdk">
      <UniqueIdentifier>{02d1c414-56ba-4703-babd-4ca308570f71}</UniqueIdentifier>
    </Filter>
    <Filter Include="Source Files\Shared\MD5 Info">
      <UniqueIdentifier>{7fae54c2-50db-4ff3-a46b-2ad8076031ab}</UniqueIdentifier>
    </Filter>
    <Filter Include="Source Files\subhook">
      <UniqueIdentifier>{efb6d013-e5b4-44ba-9113-6de5ebd6a7ad}</UniqueIdentifier>
    </Filter>
  </ItemGroup>
  <ItemGroup>
    <ClCompile Include="SDK\samp-sdk\amxplugin.cpp">
      <Filter>Source Files\SDK\samp-sdk</Filter>
    </ClCompile>
    <ClCompile Include="Network\CRPCCallback.cpp">
      <Filter>Source Files\Network</Filter>
    </ClCompile>
    <ClCompile Include="Network\Network.cpp">
      <Filter>Source Files\Network</Filter>
    </ClCompile>
    <ClCompile Include="..\Shared\Network\CRPC.cpp">
      <Filter>Source Files\Shared\Network</Filter>
    </ClCompile>
    <ClCompile Include="Utility.cpp">
      <Filter>Source Files</Filter>
    </ClCompile>
    <ClCompile Include="plugin.cpp">
      <Filter>Source Files</Filter>
    </ClCompile>
    <ClCompile Include="Callback.cpp">
      <Filter>Source Files</Filter>
    </ClCompile>
    <ClCompile Include="CAntiCheat.cpp">
      <Filter>Source Files</Filter>
    </ClCompile>
    <ClCompile Include="..\Shared\MD5_Info\Cmd5Info.cpp">
      <Filter>Source Files\Shared\MD5 Info</Filter>
    </ClCompile>
    <ClCompile Include="CServerUpdater.cpp">
      <Filter>Source Files</Filter>
    </ClCompile>
    <ClCompile Include="GDK\sampgdk.c">
      <Filter>Source Files\SDK\samp-gdk</Filter>
    </ClCompile>
    <ClCompile Include="Hooks.cpp">
      <Filter>Source Files</Filter>
    </ClCompile>
    <ClCompile Include="subhook\subhook.c">
      <Filter>Source Files\subhook</Filter>
    </ClCompile>
    <ClCompile Include="CAntiCheatHandler.cpp">
      <Filter>Source Files</Filter>
    </ClCompile>
    <ClCompile Include="..\Shared\Network\BitStream.cpp">
      <Filter>Source Files\Shared\Network</Filter>
    </ClCompile>
    <ClCompile Include="BanHandler.cpp">
      <Filter>Source Files</Filter>
    </ClCompile>
    <ClCompile Include="..\Shared\Network\ACVerifiedPacket.cpp">
      <Filter>Source Files\Shared\Network</Filter>
    </ClCompile>
  </ItemGroup>
  <ItemGroup>
    <ClInclude Include="SDK\samp-sdk\plugincommon.h">
      <Filter>Source Files\SDK\samp-sdk</Filter>
    </ClInclude>
    <ClInclude Include="SDK\samp-sdk\amx\amx.h">
      <Filter>Source Files\SDK\samp-sdk\amx</Filter>
    </ClInclude>
    <ClInclude Include="SDK\samp-sdk\amx\sclinux.h">
      <Filter>Source Files\SDK\samp-sdk\amx</Filter>
    </ClInclude>
    <ClInclude Include="plugin.h">
      <Filter>Header Files</Filter>
    </ClInclude>
    <ClInclude Include="Network\CRPCCallback.h">
      <Filter>Source Files\Network</Filter>
    </ClInclude>
    <ClInclude Include="Network\Network.h">
      <Filter>Source Files\Network</Filter>
    </ClInclude>
    <ClInclude Include="..\Shared\Network\Network.h">
      <Filter>Source Files\Shared\Network</Filter>
    </ClInclude>
    <ClInclude Include="..\Shared\Network\CRPC.h">
      <Filter>Source Files\Shared\Network</Filter>
    </ClInclude>
    <ClInclude Include="Utility.h">
      <Filter>Header Files</Filter>
    </ClInclude>
    <ClInclude Include="Callback.h">
      <Filter>Header Files</Filter>
    </ClInclude>
    <ClInclude Include="CAntiCheat.h">
      <Filter>Header Files</Filter>
    </ClInclude>
    <ClInclude Include="..\Shared\MD5_Info\Cmd5Info.h">
      <Filter>Source Files\Shared\MD5 Info</Filter>
    </ClInclude>
    <ClInclude Include="CServerUpdater.h">
      <Filter>Header Files</Filter>
    </ClInclude>
    <ClInclude Include="GDK\sampgdk.h">
      <Filter>Source Files\SDK\samp-gdk</Filter>
    </ClInclude>
    <ClInclude Include="subhook\subhook.h">
      <Filter>Source Files\subhook</Filter>
    </ClInclude>
    <ClInclude Include="Hooks.h">
      <Filter>Header Files</Filter>
    </ClInclude>
    <ClInclude Include="Structs.h">
      <Filter>Header Files</Filter>
    </ClInclude>
    <ClInclude Include="CVector.h">
      <Filter>Header Files</Filter>
    </ClInclude>
    <ClInclude Include="Types.h">
      <Filter>Header Files</Filter>
    </ClInclude>
    <ClInclude Include="PacketPriority.h">
      <Filter>Header Files</Filter>
    </ClInclude>
    <ClInclude Include="CAntiCheatHandler.h">
      <Filter>Header Files</Filter>
    </ClInclude>
    <ClInclude Include="..\Shared\Network\BitStream.h">
      <Filter>Source Files\Shared\Network</Filter>
    </ClInclude>
    <ClInclude Include="BanHandler.h">
      <Filter>Header Files</Filter>
    </ClInclude>
    <ClInclude Include="..\Shared\Network\ACVerifiedPacket.h">
      <Filter>Source Files\Shared\Network</Filter>
    </ClInclude>
  </ItemGroup>
  <ItemGroup>
    <None Include="plugin.def">
      <Filter>Source Files</Filter>
    </None>
  </ItemGroup>
</Project>