<?xml version="1.0" encoding="utf-8"?>
<Project ToolsVersion="4.0" xmlns="http://schemas.microsoft.com/developer/msbuild/2003">
  <ItemGroup>
    <Filter Include="Source Files">
      <UniqueIdentifier>{4FC737F1-C7A5-4376-A066-2A32D752A2FF}</UniqueIdentifier>
      <Extensions>cpp;c;cc;cxx;def;odl;idl;hpj;bat;asm;asmx</Extensions>
    </Filter>
    <Filter Include="Header Files">
      <UniqueIdentifier>{93995380-89BD-4b04-88EB-625FBE52EBFB}</UniqueIdentifier>
      <Extensions>h;hh;hpp;hxx;hm;inl;inc;xsd</Extensions>
    </Filter>
    <Filter Include="Resource Files">
      <UniqueIdentifier>{67DA6AB6-F800-4c08-8B7A-83BB121AAD01}</UniqueIdentifier>
      <Extensions>rc;ico;cur;bmp;dlg;rc2;rct;bin;rgs;gif;jpg;jpeg;jpe;resx;tiff;tif;png;wav;mfcribbon-ms</Extensions>
    </Filter>
    <Filter Include="Source Files\Shared">
      <UniqueIdentifier>{3712d3f0-5b7b-4711-9e7a-166cdb333c49}</UniqueIdentifier>
    </Filter>
    <Filter Include="Source Files\SDK">
      <UniqueIdentifier>{d4d29af1-20b8-4fcf-8553-58295ed94561}</UniqueIdentifier>
    </Filter>
    <Filter Include="Source Files\SDK\samp-sdk">
      <UniqueIdentifier>{10c49964-6388-4a45-8019-613f93ef5d2b}</UniqueIdentifier>
    </Filter>
    <Filter Include="Source Files\SDK\samp-sdk\amx">
      <UniqueIdentifier>{78524ff8-9b42-4656-ace6-524359fbae54}</UniqueIdentifier>
    </Filter>
    <Filter Include="Source Files\Network">
      <UniqueIdentifier>{3273192e-adb9-48ad-acf6-1491bc5ab3c4}</UniqueIdentifier>
    </Filter>
    <Filter Include="Source Files\Shared\Network">
      <UniqueIdentifier>{ac9fc14a-16f8-46ee-96f1-133d9b1c264a}</UniqueIdentifier>
    </Filter>
    <Filter Include="Source Files\SDK\samp-gdk">
      <UniqueIdentifier>{02d1c414-56ba-4703-babd-4ca308570f71}</UniqueIdentifier>
    </Filter>
    <Filter Include="Source Files\Shared\MD5 Info">
      <UniqueIdentifier>{7fae54c2-50db-4ff3-a46b-2ad8076031ab}</UniqueIdentifier>
    </Filter>
    <Filter Include="Source Files\subhook">
      <UniqueIdentifier>{efb6d013-e5b4-44ba-9113-6de5ebd6a7ad}</UniqueIdentifier>
    </Filter>
    <Filter Include="Source Files\Shared\Crypto++">
      <UniqueIdentifier>{10d28bfc-ef9d-40e2-a72d-245393d7dbdb}</UniqueIdentifier>
    </Filter>
  </ItemGroup>
  <ItemGroup>
    <ClCompile Include="SDK\samp-sdk\amxplugin.cpp">
      <Filter>Source Files\SDK\samp-sdk</Filter>
    </ClCompile>
    <ClCompile Include="Network\CRPCCallback.cpp">
      <Filter>Source Files\Network</Filter>
    </ClCompile>
    <ClCompile Include="Network\Network.cpp">
      <Filter>Source Files\Network</Filter>
    </ClCompile>
    <ClCompile Include="..\Shared\Network\CRPC.cpp">
      <Filter>Source Files\Shared\Network</Filter>
    </ClCompile>
    <ClCompile Include="Utility.cpp">
      <Filter>Source Files</Filter>
    </ClCompile>
    <ClCompile Include="plugin.cpp">
      <Filter>Source Files</Filter>
    </ClCompile>
    <ClCompile Include="Callback.cpp">
      <Filter>Source Files</Filter>
    </ClCompile>
    <ClCompile Include="CAntiCheat.cpp">
      <Filter>Source Files</Filter>
    </ClCompile>
    <ClCompile Include="..\Shared\MD5_Info\Cmd5Info.cpp">
      <Filter>Source Files\Shared\MD5 Info</Filter>
    </ClCompile>
    <ClCompile Include="CServerUpdater.cpp">
      <Filter>Source Files</Filter>
    </ClCompile>
    <ClCompile Include="GDK\sampgdk.c">
      <Filter>Source Files\SDK\samp-gdk</Filter>
    </ClCompile>
    <ClCompile Include="Hooks.cpp">
      <Filter>Source Files</Filter>
    </ClCompile>
    <ClCompile Include="subhook\subhook.c">
      <Filter>Source Files\subhook</Filter>
    </ClCompile>
    <ClCompile Include="CAntiCheatHandler.cpp">
      <Filter>Source Files</Filter>
    </ClCompile>
    <ClCompile Include="..\Shared\Network\BitStream.cpp">
      <Filter>Source Files\Shared\Network</Filter>
    </ClCompile>
    <ClCompile Include="BanHandler.cpp">
      <Filter>Source Files</Filter>
    </ClCompile>
    <ClCompile Include="..\Shared\Network\ACVerifiedPacket.cpp">
      <Filter>Source Files\Shared\Network</Filter>
    </ClCompile>
    <ClCompile Include="..\Shared\Crypto++\CAESManager.cpp">
      <Filter>Source Files\Shared\Crypto++</Filter>
    </ClCompile>
  </ItemGroup>
  <ItemGroup>
    <ClInclude Include="SDK\samp-sdk\plugincommon.h">
      <Filter>Source Files\SDK\samp-sdk</Filter>
    </ClInclude>
    <ClInclude Include="SDK\samp-sdk\amx\amx.h">
      <Filter>Source Files\SDK\samp-sdk\amx</Filter>
    </ClInclude>
    <ClInclude Include="SDK\samp-sdk\amx\sclinux.h">
      <Filter>Source Files\SDK\samp-sdk\amx</Filter>
    </ClInclude>
    <ClInclude Include="plugin.h">
      <Filter>Header Files</Filter>
    </ClInclude>
    <ClInclude Include="Network\CRPCCallback.h">
      <Filter>Source Files\Network</Filter>
    </ClInclude>
    <ClInclude Include="Network\Network.h">
      <Filter>Source Files\Network</Filter>
    </ClInclude>
    <ClInclude Include="..\Shared\Network\Network.h">
      <Filter>Source Files\Shared\Network</Filter>
    </ClInclude>
    <ClInclude Include="..\Shared\Network\CRPC.h">
      <Filter>Source Files\Shared\Network</Filter>
    </ClInclude>
    <ClInclude Include="Utility.h">
      <Filter>Header Files</Filter>
    </ClInclude>
    <ClInclude Include="Callback.h">
      <Filter>Header Files</Filter>
    </ClInclude>
    <ClInclude Include="CAntiCheat.h">
      <Filter>Header Files</Filter>
    </ClInclude>
    <ClInclude Include="..\Shared\MD5_Info\Cmd5Info.h">
      <Filter>Source Files\Shared\MD5 Info</Filter>
    </ClInclude>
    <ClInclude Include="CServerUpdater.h">
      <Filter>Header Files</Filter>
    </ClInclude>
    <ClInclude Include="GDK\sampgdk.h">
      <Filter>Source Files\SDK\samp-gdk</Filter>
    </ClInclude>
    <ClInclude Include="subhook\subhook.h">
      <Filter>Source Files\subhook</Filter>
    </ClInclude>
    <ClInclude Include="Hooks.h">
      <Filter>Header Files</Filter>
    </ClInclude>
    <ClInclude Include="Structs.h">
      <Filter>Header Files</Filter>
    </ClInclude>
    <ClInclude Include="CVector.h">
      <Filter>Header Files</Filter>
    </ClInclude>
    <ClInclude Include="Types.h">
      <Filter>Header Files</Filter>
    </ClInclude>
    <ClInclude Include="PacketPriority.h">
      <Filter>Header Files</Filter>
    </ClInclude>
    <ClInclude Include="CAntiCheatHandler.h">
      <Filter>Header Files</Filter>
    </ClInclude>
    <ClInclude Include="..\Shared\Network\BitStream.h">
      <Filter>Source Files\Shared\Network</Filter>
    </ClInclude>
    <ClInclude Include="BanHandler.h">
      <Filter>Header Files</Filter>
    </ClInclude>
    <ClInclude Include="..\Shared\Network\ACVerifiedPacket.h">
      <Filter>Source Files\Shared\Network</Filter>
    </ClInclude>
    <ClInclude Include="CVector4D.h">
      <Filter>Header Files</Filter>
    </ClInclude>
    <ClInclude Include="..\Shared\Crypto++\3way.h">
      <Filter>Source Files\Shared\Crypto++</Filter>
    </ClInclude>
    <ClInclude Include="..\Shared\Crypto++\adler32.h">
      <Filter>Source Files\Shared\Crypto++</Filter>
    </ClInclude>
    <ClInclude Include="..\Shared\Crypto++\aes.h">
      <Filter>Source Files\Shared\Crypto++</Filter>
    </ClInclude>
    <ClInclude Include="..\Shared\Crypto++\algebra.h">
      <Filter>Source Files\Shared\Crypto++</Filter>
    </ClInclude>
    <ClInclude Include="..\Shared\Crypto++\algparam.h">
      <Filter>Source Files\Shared\Crypto++</Filter>
    </ClInclude>
    <ClInclude Include="..\Shared\Crypto++\arc4.h">
      <Filter>Source Files\Shared\Crypto++</Filter>
    </ClInclude>
    <ClInclude Include="..\Shared\Crypto++\argnames.h">
      <Filter>Source Files\Shared\Crypto++</Filter>
    </ClInclude>
    <ClInclude Include="..\Shared\Crypto++\asn.h">
      <Filter>Source Files\Shared\Crypto++</Filter>
    </ClInclude>
    <ClInclude Include="..\Shared\Crypto++\authenc.h">
      <Filter>Source Files\Shared\Crypto++</Filter>
    </ClInclude>
    <ClInclude Include="..\Shared\Crypto++\base32.h">
      <Filter>Source Files\Shared\Crypto++</Filter>
    </ClInclude>
    <ClInclude Include="..\Shared\Crypto++\base64.h">
      <Filter>Source Files\Shared\Crypto++</Filter>
    </ClInclude>
    <ClInclude Include="..\Shared\Crypto++\basecode.h">
      <Filter>Source Files\Shared\Crypto++</Filter>
    </ClInclude>
    <ClInclude Include="..\Shared\Crypto++\bench.h">
      <Filter>Source Files\Shared\Crypto++</Filter>
    </ClInclude>
    <ClInclude Include="..\Shared\Crypto++\blake2.h">
      <Filter>Source Files\Shared\Crypto++</Filter>
    </ClInclude>
    <ClInclude Include="..\Shared\Crypto++\blowfish.h">
      <Filter>Source Files\Shared\Crypto++</Filter>
    </ClInclude>
    <ClInclude Include="..\Shared\Crypto++\blumshub.h">
      <Filter>Source Files\Shared\Crypto++</Filter>
    </ClInclude>
    <ClInclude Include="..\Shared\Crypto++\CAESManager.h">
      <Filter>Source Files\Shared\Crypto++</Filter>
    </ClInclude>
    <ClInclude Include="..\Shared\Crypto++\camellia.h">
      <Filter>Source Files\Shared\Crypto++</Filter>
    </ClInclude>
    <ClInclude Include="..\Shared\Crypto++\cast.h">
      <Filter>Source Files\Shared\Crypto++</Filter>
    </ClInclude>
    <ClInclude Include="..\Shared\Crypto++\cbcmac.h">
      <Filter>Source Files\Shared\Crypto++</Filter>
    </ClInclude>
    <ClInclude Include="..\Shared\Crypto++\ccm.h">
      <Filter>Source Files\Shared\Crypto++</Filter>
    </ClInclude>
    <ClInclude Include="..\Shared\Crypto++\chacha.h">
      <Filter>Source Files\Shared\Crypto++</Filter>
    </ClInclude>
    <ClInclude Include="..\Shared\Crypto++\channels.h">
      <Filter>Source Files\Shared\Crypto++</Filter>
    </ClInclude>
    <ClInclude Include="..\Shared\Crypto++\cmac.h">
      <Filter>Source Files\Shared\Crypto++</Filter>
    </ClInclude>
    <ClInclude Include="..\Shared\Crypto++\config.h">
      <Filter>Source Files\Shared\Crypto++</Filter>
    </ClInclude>
    <ClInclude Include="..\Shared\Crypto++\cpu.h">
      <Filter>Source Files\Shared\Crypto++</Filter>
    </ClInclude>
    <ClInclude Include="..\Shared\Crypto++\crc.h">
      <Filter>Source Files\Shared\Crypto++</Filter>
    </ClInclude>
    <ClInclude Include="..\Shared\Crypto++\cryptlib.h">
      <Filter>Source Files\Shared\Crypto++</Filter>
    </ClInclude>
    <ClInclude Include="..\Shared\Crypto++\default.h">
      <Filter>Source Files\Shared\Crypto++</Filter>
    </ClInclude>
    <ClInclude Include="..\Shared\Crypto++\des.h">
      <Filter>Source Files\Shared\Crypto++</Filter>
    </ClInclude>
    <ClInclude Include="..\Shared\Crypto++\dh.h">
      <Filter>Source Files\Shared\Crypto++</Filter>
    </ClInclude>
    <ClInclude Include="..\Shared\Crypto++\dh2.h">
      <Filter>Source Files\Shared\Crypto++</Filter>
    </ClInclude>
    <ClInclude Include="..\Shared\Crypto++\dll.h">
      <Filter>Source Files\Shared\Crypto++</Filter>
    </ClInclude>
    <ClInclude Include="..\Shared\Crypto++\dmac.h">
      <Filter>Source Files\Shared\Crypto++</Filter>
    </ClInclude>
    <ClInclude Include="..\Shared\Crypto++\dsa.h">
      <Filter>Source Files\Shared\Crypto++</Filter>
    </ClInclude>
    <ClInclude Include="..\Shared\Crypto++\eax.h">
      <Filter>Source Files\Shared\Crypto++</Filter>
    </ClInclude>
    <ClInclude Include="..\Shared\Crypto++\ec2n.h">
      <Filter>Source Files\Shared\Crypto++</Filter>
    </ClInclude>
    <ClInclude Include="..\Shared\Crypto++\eccrypto.h">
      <Filter>Source Files\Shared\Crypto++</Filter>
    </ClInclude>
    <ClInclude Include="..\Shared\Crypto++\ecp.h">
      <Filter>Source Files\Shared\Crypto++</Filter>
    </ClInclude>
    <ClInclude Include="..\Shared\Crypto++\elgamal.h">
      <Filter>Source Files\Shared\Crypto++</Filter>
    </ClInclude>
    <ClInclude Include="..\Shared\Crypto++\emsa2.h">
      <Filter>Source Files\Shared\Crypto++</Filter>
    </ClInclude>
    <ClInclude Include="..\Shared\Crypto++\eprecomp.h">
      <Filter>Source Files\Shared\Crypto++</Filter>
    </ClInclude>
    <ClInclude Include="..\Shared\Crypto++\esign.h">
      <Filter>Source Files\Shared\Crypto++</Filter>
    </ClInclude>
    <ClInclude Include="..\Shared\Crypto++\factory.h">
      <Filter>Source Files\Shared\Crypto++</Filter>
    </ClInclude>
    <ClInclude Include="..\Shared\Crypto++\fhmqv.h">
      <Filter>Source Files\Shared\Crypto++</Filter>
    </ClInclude>
    <ClInclude Include="..\Shared\Crypto++\files.h">
      <Filter>Source Files\Shared\Crypto++</Filter>
    </ClInclude>
    <ClInclude Include="..\Shared\Crypto++\filters.h">
      <Filter>Source Files\Shared\Crypto++</Filter>
    </ClInclude>
    <ClInclude Include="..\Shared\Crypto++\fips140.h">
      <Filter>Source Files\Shared\Crypto++</Filter>
    </ClInclude>
    <ClInclude Include="..\Shared\Crypto++\fltrimpl.h">
      <Filter>Source Files\Shared\Crypto++</Filter>
    </ClInclude>
    <ClInclude Include="..\Shared\Crypto++\gcm.h">
      <Filter>Source Files\Shared\Crypto++</Filter>
    </ClInclude>
    <ClInclude Include="..\Shared\Crypto++\gf2_32.h">
      <Filter>Source Files\Shared\Crypto++</Filter>
    </ClInclude>
    <ClInclude Include="..\Shared\Crypto++\gf2n.h">
      <Filter>Source Files\Shared\Crypto++</Filter>
    </ClInclude>
    <ClInclude Include="..\Shared\Crypto++\gf256.h">
      <Filter>Source Files\Shared\Crypto++</Filter>
    </ClInclude>
    <ClInclude Include="..\Shared\Crypto++\gfpcrypt.h">
      <Filter>Source Files\Shared\Crypto++</Filter>
    </ClInclude>
    <ClInclude Include="..\Shared\Crypto++\gost.h">
      <Filter>Source Files\Shared\Crypto++</Filter>
    </ClInclude>
    <ClInclude Include="..\Shared\Crypto++\gzip.h">
      <Filter>Source Files\Shared\Crypto++</Filter>
    </ClInclude>
    <ClInclude Include="..\Shared\Crypto++\hex.h">
      <Filter>Source Files\Shared\Crypto++</Filter>
    </ClInclude>
    <ClInclude Include="..\Shared\Crypto++\hkdf.h">
      <Filter>Source Files\Shared\Crypto++</Filter>
    </ClInclude>
    <ClInclude Include="..\Shared\Crypto++\hmac.h">
      <Filter>Source Files\Shared\Crypto++</Filter>
    </ClInclude>
    <ClInclude Include="..\Shared\Crypto++\hmqv.h">
      <Filter>Source Files\Shared\Crypto++</Filter>
    </ClInclude>
    <ClInclude Include="..\Shared\Crypto++\hrtimer.h">
      <Filter>Source Files\Shared\Crypto++</Filter>
    </ClInclude>
    <ClInclude Include="..\Shared\Crypto++\ida.h">
      <Filter>Source Files\Shared\Crypto++</Filter>
    </ClInclude>
    <ClInclude Include="..\Shared\Crypto++\idea.h">
      <Filter>Source Files\Shared\Crypto++</Filter>
    </ClInclude>
    <ClInclude Include="..\Shared\Crypto++\integer.h">
      <Filter>Source Files\Shared\Crypto++</Filter>
    </ClInclude>
    <ClInclude Include="..\Shared\Crypto++\iterhash.h">
      <Filter>Source Files\Shared\Crypto++</Filter>
    </ClInclude>
    <ClInclude Include="..\Shared\Crypto++\keccak.h">
      <Filter>Source Files\Shared\Crypto++</Filter>
    </ClInclude>
    <ClInclude Include="..\Shared\Crypto++\lubyrack.h">
      <Filter>Source Files\Shared\Crypto++</Filter>
    </ClInclude>
    <ClInclude Include="..\Shared\Crypto++\luc.h">
      <Filter>Source Files\Shared\Crypto++</Filter>
    </ClInclude>
    <ClInclude Include="..\Shared\Crypto++\mars.h">
      <Filter>Source Files\Shared\Crypto++</Filter>
    </ClInclude>
    <ClInclude Include="..\Shared\Crypto++\md2.h">
      <Filter>Source Files\Shared\Crypto++</Filter>
    </ClInclude>
    <ClInclude Include="..\Shared\Crypto++\md4.h">
      <Filter>Source Files\Shared\Crypto++</Filter>
    </ClInclude>
    <ClInclude Include="..\Shared\Crypto++\md5.h">
      <Filter>Source Files\Shared\Crypto++</Filter>
    </ClInclude>
    <ClInclude Include="..\Shared\Crypto++\mdc.h">
      <Filter>Source Files\Shared\Crypto++</Filter>
    </ClInclude>
    <ClInclude Include="..\Shared\Crypto++\mersenne.h">
      <Filter>Source Files\Shared\Crypto++</Filter>
    </ClInclude>
    <ClInclude Include="..\Shared\Crypto++\misc.h">
      <Filter>Source Files\Shared\Crypto++</Filter>
    </ClInclude>
    <ClInclude Include="..\Shared\Crypto++\modarith.h">
      <Filter>Source Files\Shared\Crypto++</Filter>
    </ClInclude>
    <ClInclude Include="..\Shared\Crypto++\modes.h">
      <Filter>Source Files\Shared\Crypto++</Filter>
    </ClInclude>
    <ClInclude Include="..\Shared\Crypto++\modexppc.h">
      <Filter>Source Files\Shared\Crypto++</Filter>
    </ClInclude>
    <ClInclude Include="..\Shared\Crypto++\mqueue.h">
      <Filter>Source Files\Shared\Crypto++</Filter>
    </ClInclude>
    <ClInclude Include="..\Shared\Crypto++\mqv.h">
      <Filter>Source Files\Shared\Crypto++</Filter>
    </ClInclude>
    <ClInclude Include="..\Shared\Crypto++\nbtheory.h">
      <Filter>Source Files\Shared\Crypto++</Filter>
    </ClInclude>
    <ClInclude Include="..\Shared\Crypto++\network.h">
      <Filter>Source Files\Shared\Crypto++</Filter>
    </ClInclude>
    <ClInclude Include="..\Shared\Crypto++\nr.h">
      <Filter>Source Files\Shared\Crypto++</Filter>
    </ClInclude>
    <ClInclude Include="..\Shared\Crypto++\oaep.h">
      <Filter>Source Files\Shared\Crypto++</Filter>
    </ClInclude>
    <ClInclude Include="..\Shared\Crypto++\oids.h">
      <Filter>Source Files\Shared\Crypto++</Filter>
    </ClInclude>
    <ClInclude Include="..\Shared\Crypto++\osrng.h">
      <Filter>Source Files\Shared\Crypto++</Filter>
    </ClInclude>
    <ClInclude Include="..\Shared\Crypto++\ossig.h">
      <Filter>Source Files\Shared\Crypto++</Filter>
    </ClInclude>
    <ClInclude Include="..\Shared\Crypto++\panama.h">
      <Filter>Source Files\Shared\Crypto++</Filter>
    </ClInclude>
    <ClInclude Include="..\Shared\Crypto++\pch.h">
      <Filter>Source Files\Shared\Crypto++</Filter>
    </ClInclude>
    <ClInclude Include="..\Shared\Crypto++\pkcspad.h">
      <Filter>Source Files\Shared\Crypto++</Filter>
    </ClInclude>
    <ClInclude Include="..\Shared\Crypto++\polynomi.h">
      <Filter>Source Files\Shared\Crypto++</Filter>
    </ClInclude>
    <ClInclude Include="..\Shared\Crypto++\pssr.h">
      <Filter>Source Files\Shared\Crypto++</Filter>
    </ClInclude>
    <ClInclude Include="..\Shared\Crypto++\pubkey.h">
      <Filter>Source Files\Shared\Crypto++</Filter>
    </ClInclude>
    <ClInclude Include="..\Shared\Crypto++\pwdbased.h">
      <Filter>Source Files\Shared\Crypto++</Filter>
    </ClInclude>
    <ClInclude Include="..\Shared\Crypto++\queue.h">
      <Filter>Source Files\Shared\Crypto++</Filter>
    </ClInclude>
    <ClInclude Include="..\Shared\Crypto++\rabin.h">
      <Filter>Source Files\Shared\Crypto++</Filter>
    </ClInclude>
    <ClInclude Include="..\Shared\Crypto++\randpool.h">
      <Filter>Source Files\Shared\Crypto++</Filter>
    </ClInclude>
    <ClInclude Include="..\Shared\Crypto++\rc2.h">
      <Filter>Source Files\Shared\Crypto++</Filter>
    </ClInclude>
    <ClInclude Include="..\Shared\Crypto++\rc5.h">
      <Filter>Source Files\Shared\Crypto++</Filter>
    </ClInclude>
    <ClInclude Include="..\Shared\Crypto++\rc6.h">
      <Filter>Source Files\Shared\Crypto++</Filter>
    </ClInclude>
    <ClInclude Include="..\Shared\Crypto++\rdrand.h">
      <Filter>Source Files\Shared\Crypto++</Filter>
    </ClInclude>
    <ClInclude Include="..\Shared\Crypto++\resource.h">
      <Filter>Source Files\Shared\Crypto++</Filter>
    </ClInclude>
    <ClInclude Include="..\Shared\Crypto++\rijndael.h">
      <Filter>Source Files\Shared\Crypto++</Filter>
    </ClInclude>
    <ClInclude Include="..\Shared\Crypto++\ripemd.h">
      <Filter>Source Files\Shared\Crypto++</Filter>
    </ClInclude>
    <ClInclude Include="..\Shared\Crypto++\rng.h">
      <Filter>Source Files\Shared\Crypto++</Filter>
    </ClInclude>
    <ClInclude Include="..\Shared\Crypto++\rsa.h">
      <Filter>Source Files\Shared\Crypto++</Filter>
    </ClInclude>
    <ClInclude Include="..\Shared\Crypto++\rw.h">
      <Filter>Source Files\Shared\Crypto++</Filter>
    </ClInclude>
    <ClInclude Include="..\Shared\Crypto++\safer.h">
      <Filter>Source Files\Shared\Crypto++</Filter>
    </ClInclude>
    <ClInclude Include="..\Shared\Crypto++\salsa.h">
      <Filter>Source Files\Shared\Crypto++</Filter>
    </ClInclude>
    <ClInclude Include="..\Shared\Crypto++\seal.h">
      <Filter>Source Files\Shared\Crypto++</Filter>
    </ClInclude>
    <ClInclude Include="..\Shared\Crypto++\secblock.h">
      <Filter>Source Files\Shared\Crypto++</Filter>
    </ClInclude>
    <ClInclude Include="..\Shared\Crypto++\seckey.h">
      <Filter>Source Files\Shared\Crypto++</Filter>
    </ClInclude>
    <ClInclude Include="..\Shared\Crypto++\seed.h">
      <Filter>Source Files\Shared\Crypto++</Filter>
    </ClInclude>
    <ClInclude Include="..\Shared\Crypto++\serpent.h">
      <Filter>Source Files\Shared\Crypto++</Filter>
    </ClInclude>
    <ClInclude Include="..\Shared\Crypto++\serpentp.h">
      <Filter>Source Files\Shared\Crypto++</Filter>
    </ClInclude>
    <ClInclude Include="..\Shared\Crypto++\sha.h">
      <Filter>Source Files\Shared\Crypto++</Filter>
    </ClInclude>
    <ClInclude Include="..\Shared\Crypto++\sha3.h">
      <Filter>Source Files\Shared\Crypto++</Filter>
    </ClInclude>
    <ClInclude Include="..\Shared\Crypto++\shacal2.h">
      <Filter>Source Files\Shared\Crypto++</Filter>
    </ClInclude>
    <ClInclude Include="..\Shared\Crypto++\shark.h">
      <Filter>Source Files\Shared\Crypto++</Filter>
    </ClInclude>
    <ClInclude Include="..\Shared\Crypto++\simple.h">
      <Filter>Source Files\Shared\Crypto++</Filter>
    </ClInclude>
    <ClInclude Include="..\Shared\Crypto++\skipjack.h">
      <Filter>Source Files\Shared\Crypto++</Filter>
    </ClInclude>
    <ClInclude Include="..\Shared\Crypto++\smartptr.h">
      <Filter>Source Files\Shared\Crypto++</Filter>
    </ClInclude>
    <ClInclude Include="..\Shared\Crypto++\socketft.h">
      <Filter>Source Files\Shared\Crypto++</Filter>
    </ClInclude>
    <ClInclude Include="..\Shared\Crypto++\sosemanuk.h">
      <Filter>Source Files\Shared\Crypto++</Filter>
    </ClInclude>
    <ClInclude Include="..\Shared\Crypto++\square.h">
      <Filter>Source Files\Shared\Crypto++</Filter>
    </ClInclude>
    <ClInclude Include="..\Shared\Crypto++\stdcpp.h">
      <Filter>Source Files\Shared\Crypto++</Filter>
    </ClInclude>
    <ClInclude Include="..\Shared\Crypto++\strciphr.h">
      <Filter>Source Files\Shared\Crypto++</Filter>
    </ClInclude>
    <ClInclude Include="..\Shared\Crypto++\tea.h">
      <Filter>Source Files\Shared\Crypto++</Filter>
    </ClInclude>
    <ClInclude Include="..\Shared\Crypto++\tiger.h">
      <Filter>Source Files\Shared\Crypto++</Filter>
    </ClInclude>
    <ClInclude Include="..\Shared\Crypto++\trap.h">
      <Filter>Source Files\Shared\Crypto++</Filter>
    </ClInclude>
    <ClInclude Include="..\Shared\Crypto++\trdlocal.h">
      <Filter>Source Files\Shared\Crypto++</Filter>
    </ClInclude>
    <ClInclude Include="..\Shared\Crypto++\trunhash.h">
      <Filter>Source Files\Shared\Crypto++</Filter>
    </ClInclude>
    <ClInclude Include="..\Shared\Crypto++\ttmac.h">
      <Filter>Source Files\Shared\Crypto++</Filter>
    </ClInclude>
    <ClInclude Include="..\Shared\Crypto++\twofish.h">
      <Filter>Source Files\Shared\Crypto++</Filter>
    </ClInclude>
    <ClInclude Include="..\Shared\Crypto++\validate.h">
      <Filter>Source Files\Shared\Crypto++</Filter>
    </ClInclude>
    <ClInclude Include="..\Shared\Crypto++\vmac.h">
      <Filter>Source Files\Shared\Crypto++</Filter>
    </ClInclude>
    <ClInclude Include="..\Shared\Crypto++\wait.h">
      <Filter>Source Files\Shared\Crypto++</Filter>
    </ClInclude>
    <ClInclude Include="..\Shared\Crypto++\wake.h">
      <Filter>Source Files\Shared\Crypto++</Filter>
    </ClInclude>
    <ClInclude Include="..\Shared\Crypto++\whrlpool.h">
      <Filter>Source Files\Shared\Crypto++</Filter>
    </ClInclude>
    <ClInclude Include="..\Shared\Crypto++\winpipes.h">
      <Filter>Source Files\Shared\Crypto++</Filter>
    </ClInclude>
    <ClInclude Include="..\Shared\Crypto++\words.h">
      <Filter>Source Files\Shared\Crypto++</Filter>
    </ClInclude>
    <ClInclude Include="..\Shared\Crypto++\xtr.h">
      <Filter>Source Files\Shared\Crypto++</Filter>
    </ClInclude>
    <ClInclude Include="..\Shared\Crypto++\xtrcrypt.h">
      <Filter>Source Files\Shared\Crypto++</Filter>
    </ClInclude>
    <ClInclude Include="..\Shared\Crypto++\zdeflate.h">
      <Filter>Source Files\Shared\Crypto++</Filter>
    </ClInclude>
    <ClInclude Include="..\Shared\Crypto++\zinflate.h">
      <Filter>Source Files\Shared\Crypto++</Filter>
    </ClInclude>
    <ClInclude Include="..\Shared\Crypto++\zlib.h">
      <Filter>Source Files\Shared\Crypto++</Filter>
    </ClInclude>
  </ItemGroup>
  <ItemGroup>
    <None Include="plugin.def">
      <Filter>Source Files</Filter>
    </None>
  </ItemGroup>
</Project>